// !$*UTF8*$!
{
	archiveVersion = 1;
	classes = {
	};
	objectVersion = 50;
	objects = {

/* Begin PBXBuildFile section */
		4D5DD38B24783EB600F057B9 /* Newspaper.gif in Resources */ = {isa = PBXBuildFile; fileRef = 4D5DD38A24783EB600F057B9 /* Newspaper.gif */; };
		4D5DD38D2478476C00F057B9 /* PlaneDetection.png in Resources */ = {isa = PBXBuildFile; fileRef = 4D5DD38C2478476C00F057B9 /* PlaneDetection.png */; };
		4D8CF4A224772FDC0030AC7B /* AppDelegate.swift in Sources */ = {isa = PBXBuildFile; fileRef = 4D8CF4A124772FDC0030AC7B /* AppDelegate.swift */; };
		4D8CF4A424772FDC0030AC7B /* art.scnassets in Resources */ = {isa = PBXBuildFile; fileRef = 4D8CF4A324772FDC0030AC7B /* art.scnassets */; };
		4D8CF4A624772FDC0030AC7B /* ViewController.swift in Sources */ = {isa = PBXBuildFile; fileRef = 4D8CF4A524772FDC0030AC7B /* ViewController.swift */; };
		4D8CF4A924772FDC0030AC7B /* Main.storyboard in Resources */ = {isa = PBXBuildFile; fileRef = 4D8CF4A724772FDC0030AC7B /* Main.storyboard */; };
		4D8CF4AB24772FDF0030AC7B /* Assets.xcassets in Resources */ = {isa = PBXBuildFile; fileRef = 4D8CF4AA24772FDF0030AC7B /* Assets.xcassets */; };
		4D8CF4AE24772FDF0030AC7B /* LaunchScreen.storyboard in Resources */ = {isa = PBXBuildFile; fileRef = 4D8CF4AC24772FDF0030AC7B /* LaunchScreen.storyboard */; };
		4D8CF4B924772FDF0030AC7B /* MagicPaperTests.swift in Sources */ = {isa = PBXBuildFile; fileRef = 4D8CF4B824772FDF0030AC7B /* MagicPaperTests.swift */; };
		4D8CF4C424772FDF0030AC7B /* MagicPaperUITests.swift in Sources */ = {isa = PBXBuildFile; fileRef = 4D8CF4C324772FDF0030AC7B /* MagicPaperUITests.swift */; };
		4D8CF4D52478045A0030AC7B /* Newspaper.mp4 in Resources */ = {isa = PBXBuildFile; fileRef = 4D8CF4D42478045A0030AC7B /* Newspaper.mp4 */; };
/* End PBXBuildFile section */

/* Begin PBXContainerItemProxy section */
		4D8CF4B524772FDF0030AC7B /* PBXContainerItemProxy */ = {
			isa = PBXContainerItemProxy;
			containerPortal = 4D8CF49624772FDC0030AC7B /* Project object */;
			proxyType = 1;
			remoteGlobalIDString = 4D8CF49D24772FDC0030AC7B;
			remoteInfo = MagicPaper;
		};
		4D8CF4C024772FDF0030AC7B /* PBXContainerItemProxy */ = {
			isa = PBXContainerItemProxy;
			containerPortal = 4D8CF49624772FDC0030AC7B /* Project object */;
			proxyType = 1;
			remoteGlobalIDString = 4D8CF49D24772FDC0030AC7B;
			remoteInfo = MagicPaper;
		};
/* End PBXContainerItemProxy section */

/* Begin PBXFileReference section */
		4D5DD38A24783EB600F057B9 /* Newspaper.gif */ = {isa = PBXFileReference; lastKnownFileType = image.gif; path = Newspaper.gif; sourceTree = "<group>"; };
		4D5DD38C2478476C00F057B9 /* PlaneDetection.png */ = {isa = PBXFileReference; lastKnownFileType = image.png; path = PlaneDetection.png; sourceTree = "<group>"; };
		4D8CF49E24772FDC0030AC7B /* MagicPaper.app */ = {isa = PBXFileReference; explicitFileType = wrapper.application; includeInIndex = 0; path = MagicPaper.app; sourceTree = BUILT_PRODUCTS_DIR; };
		4D8CF4A124772FDC0030AC7B /* AppDelegate.swift */ = {isa = PBXFileReference; lastKnownFileType = sourcecode.swift; path = AppDelegate.swift; sourceTree = "<group>"; };
		4D8CF4A324772FDC0030AC7B /* art.scnassets */ = {isa = PBXFileReference; lastKnownFileType = wrapper.scnassets; path = art.scnassets; sourceTree = "<group>"; };
		4D8CF4A524772FDC0030AC7B /* ViewController.swift */ = {isa = PBXFileReference; lastKnownFileType = sourcecode.swift; path = ViewController.swift; sourceTree = "<group>"; };
		4D8CF4A824772FDC0030AC7B /* Base */ = {isa = PBXFileReference; lastKnownFileType = file.storyboard; name = Base; path = Base.lproj/Main.storyboard; sourceTree = "<group>"; };
		4D8CF4AA24772FDF0030AC7B /* Assets.xcassets */ = {isa = PBXFileReference; lastKnownFileType = folder.assetcatalog; path = Assets.xcassets; sourceTree = "<group>"; };
		4D8CF4AD24772FDF0030AC7B /* Base */ = {isa = PBXFileReference; lastKnownFileType = file.storyboard; name = Base; path = Base.lproj/LaunchScreen.storyboard; sourceTree = "<group>"; };
		4D8CF4AF24772FDF0030AC7B /* Info.plist */ = {isa = PBXFileReference; lastKnownFileType = text.plist.xml; path = Info.plist; sourceTree = "<group>"; };
		4D8CF4B424772FDF0030AC7B /* MagicPaperTests.xctest */ = {isa = PBXFileReference; explicitFileType = wrapper.cfbundle; includeInIndex = 0; path = MagicPaperTests.xctest; sourceTree = BUILT_PRODUCTS_DIR; };
		4D8CF4B824772FDF0030AC7B /* MagicPaperTests.swift */ = {isa = PBXFileReference; lastKnownFileType = sourcecode.swift; path = MagicPaperTests.swift; sourceTree = "<group>"; };
		4D8CF4BA24772FDF0030AC7B /* Info.plist */ = {isa = PBXFileReference; lastKnownFileType = text.plist.xml; path = Info.plist; sourceTree = "<group>"; };
		4D8CF4BF24772FDF0030AC7B /* MagicPaperUITests.xctest */ = {isa = PBXFileReference; explicitFileType = wrapper.cfbundle; includeInIndex = 0; path = MagicPaperUITests.xctest; sourceTree = BUILT_PRODUCTS_DIR; };
		4D8CF4C324772FDF0030AC7B /* MagicPaperUITests.swift */ = {isa = PBXFileReference; lastKnownFileType = sourcecode.swift; path = MagicPaperUITests.swift; sourceTree = "<group>"; };
		4D8CF4C524772FDF0030AC7B /* Info.plist */ = {isa = PBXFileReference; lastKnownFileType = text.plist.xml; path = Info.plist; sourceTree = "<group>"; };
		4D8CF4D42478045A0030AC7B /* Newspaper.mp4 */ = {isa = PBXFileReference; lastKnownFileType = file; path = Newspaper.mp4; sourceTree = "<group>"; };
/* End PBXFileReference section */

/* Begin PBXFrameworksBuildPhase section */
		4D8CF49B24772FDC0030AC7B /* Frameworks */ = {
			isa = PBXFrameworksBuildPhase;
			buildActionMask = 2147483647;
			files = (
			);
			runOnlyForDeploymentPostprocessing = 0;
		};
		4D8CF4B124772FDF0030AC7B /* Frameworks */ = {
			isa = PBXFrameworksBuildPhase;
			buildActionMask = 2147483647;
			files = (
			);
			runOnlyForDeploymentPostprocessing = 0;
		};
		4D8CF4BC24772FDF0030AC7B /* Frameworks */ = {
			isa = PBXFrameworksBuildPhase;
			buildActionMask = 2147483647;
			files = (
			);
			runOnlyForDeploymentPostprocessing = 0;
		};
/* End PBXFrameworksBuildPhase section */

/* Begin PBXGroup section */
		4D8CF49524772FDC0030AC7B = {
			isa = PBXGroup;
			children = (
				4D8CF4A024772FDC0030AC7B /* MagicPaper */,
				4D8CF4B724772FDF0030AC7B /* MagicPaperTests */,
				4D8CF4C224772FDF0030AC7B /* MagicPaperUITests */,
				4D8CF49F24772FDC0030AC7B /* Products */,
			);
			sourceTree = "<group>";
		};
		4D8CF49F24772FDC0030AC7B /* Products */ = {
			isa = PBXGroup;
			children = (
				4D8CF49E24772FDC0030AC7B /* MagicPaper.app */,
				4D8CF4B424772FDF0030AC7B /* MagicPaperTests.xctest */,
				4D8CF4BF24772FDF0030AC7B /* MagicPaperUITests.xctest */,
			);
			name = Products;
			sourceTree = "<group>";
		};
		4D8CF4A024772FDC0030AC7B /* MagicPaper */ = {
			isa = PBXGroup;
			children = (
				4D5DD38C2478476C00F057B9 /* PlaneDetection.png */,
				4D5DD38A24783EB600F057B9 /* Newspaper.gif */,
				4D8CF4D42478045A0030AC7B /* Newspaper.mp4 */,
				4D8CF4A124772FDC0030AC7B /* AppDelegate.swift */,
				4D8CF4A324772FDC0030AC7B /* art.scnassets */,
				4D8CF4A524772FDC0030AC7B /* ViewController.swift */,
				4D8CF4A724772FDC0030AC7B /* Main.storyboard */,
				4D8CF4AA24772FDF0030AC7B /* Assets.xcassets */,
				4D8CF4AC24772FDF0030AC7B /* LaunchScreen.storyboard */,
				4D8CF4AF24772FDF0030AC7B /* Info.plist */,
			);
			path = MagicPaper;
			sourceTree = "<group>";
		};
		4D8CF4B724772FDF0030AC7B /* MagicPaperTests */ = {
			isa = PBXGroup;
			children = (
				4D8CF4B824772FDF0030AC7B /* MagicPaperTests.swift */,
				4D8CF4BA24772FDF0030AC7B /* Info.plist */,
			);
			path = MagicPaperTests;
			sourceTree = "<group>";
		};
		4D8CF4C224772FDF0030AC7B /* MagicPaperUITests */ = {
			isa = PBXGroup;
			children = (
				4D8CF4C324772FDF0030AC7B /* MagicPaperUITests.swift */,
				4D8CF4C524772FDF0030AC7B /* Info.plist */,
			);
			path = MagicPaperUITests;
			sourceTree = "<group>";
		};
/* End PBXGroup section */

/* Begin PBXNativeTarget section */
		4D8CF49D24772FDC0030AC7B /* MagicPaper */ = {
			isa = PBXNativeTarget;
			buildConfigurationList = 4D8CF4C824772FDF0030AC7B /* Build configuration list for PBXNativeTarget "MagicPaper" */;
			buildPhases = (
				4D8CF49A24772FDC0030AC7B /* Sources */,
				4D8CF49B24772FDC0030AC7B /* Frameworks */,
				4D8CF49C24772FDC0030AC7B /* Resources */,
			);
			buildRules = (
			);
			dependencies = (
			);
			name = MagicPaper;
			productName = MagicPaper;
			productReference = 4D8CF49E24772FDC0030AC7B /* MagicPaper.app */;
			productType = "com.apple.product-type.application";
		};
		4D8CF4B324772FDF0030AC7B /* MagicPaperTests */ = {
			isa = PBXNativeTarget;
			buildConfigurationList = 4D8CF4CB24772FDF0030AC7B /* Build configuration list for PBXNativeTarget "MagicPaperTests" */;
			buildPhases = (
				4D8CF4B024772FDF0030AC7B /* Sources */,
				4D8CF4B124772FDF0030AC7B /* Frameworks */,
				4D8CF4B224772FDF0030AC7B /* Resources */,
			);
			buildRules = (
			);
			dependencies = (
				4D8CF4B624772FDF0030AC7B /* PBXTargetDependency */,
			);
			name = MagicPaperTests;
			productName = MagicPaperTests;
			productReference = 4D8CF4B424772FDF0030AC7B /* MagicPaperTests.xctest */;
			productType = "com.apple.product-type.bundle.unit-test";
		};
		4D8CF4BE24772FDF0030AC7B /* MagicPaperUITests */ = {
			isa = PBXNativeTarget;
			buildConfigurationList = 4D8CF4CE24772FDF0030AC7B /* Build configuration list for PBXNativeTarget "MagicPaperUITests" */;
			buildPhases = (
				4D8CF4BB24772FDF0030AC7B /* Sources */,
				4D8CF4BC24772FDF0030AC7B /* Frameworks */,
				4D8CF4BD24772FDF0030AC7B /* Resources */,
			);
			buildRules = (
			);
			dependencies = (
				4D8CF4C124772FDF0030AC7B /* PBXTargetDependency */,
			);
			name = MagicPaperUITests;
			productName = MagicPaperUITests;
			productReference = 4D8CF4BF24772FDF0030AC7B /* MagicPaperUITests.xctest */;
			productType = "com.apple.product-type.bundle.ui-testing";
		};
/* End PBXNativeTarget section */

/* Begin PBXProject section */
		4D8CF49624772FDC0030AC7B /* Project object */ = {
			isa = PBXProject;
			attributes = {
				LastSwiftUpdateCheck = 1150;
				LastUpgradeCheck = 1150;
				ORGANIZATIONNAME = "Jacob Sanchez";
				TargetAttributes = {
					4D8CF49D24772FDC0030AC7B = {
						CreatedOnToolsVersion = 11.5;
					};
					4D8CF4B324772FDF0030AC7B = {
						CreatedOnToolsVersion = 11.5;
						TestTargetID = 4D8CF49D24772FDC0030AC7B;
					};
					4D8CF4BE24772FDF0030AC7B = {
						CreatedOnToolsVersion = 11.5;
						TestTargetID = 4D8CF49D24772FDC0030AC7B;
					};
				};
			};
			buildConfigurationList = 4D8CF49924772FDC0030AC7B /* Build configuration list for PBXProject "MagicPaper" */;
			compatibilityVersion = "Xcode 9.3";
			developmentRegion = en;
			hasScannedForEncodings = 0;
			knownRegions = (
				en,
				Base,
			);
			mainGroup = 4D8CF49524772FDC0030AC7B;
			productRefGroup = 4D8CF49F24772FDC0030AC7B /* Products */;
			projectDirPath = "";
			projectRoot = "";
			targets = (
				4D8CF49D24772FDC0030AC7B /* MagicPaper */,
				4D8CF4B324772FDF0030AC7B /* MagicPaperTests */,
				4D8CF4BE24772FDF0030AC7B /* MagicPaperUITests */,
			);
		};
/* End PBXProject section */

/* Begin PBXResourcesBuildPhase section */
		4D8CF49C24772FDC0030AC7B /* Resources */ = {
			isa = PBXResourcesBuildPhase;
			buildActionMask = 2147483647;
			files = (
				4D8CF4A424772FDC0030AC7B /* art.scnassets in Resources */,
				4D8CF4AE24772FDF0030AC7B /* LaunchScreen.storyboard in Resources */,
				4D5DD38D2478476C00F057B9 /* PlaneDetection.png in Resources */,
				4D5DD38B24783EB600F057B9 /* Newspaper.gif in Resources */,
				4D8CF4D52478045A0030AC7B /* Newspaper.mp4 in Resources */,
				4D8CF4AB24772FDF0030AC7B /* Assets.xcassets in Resources */,
				4D8CF4A924772FDC0030AC7B /* Main.storyboard in Resources */,
			);
			runOnlyForDeploymentPostprocessing = 0;
		};
		4D8CF4B224772FDF0030AC7B /* Resources */ = {
			isa = PBXResourcesBuildPhase;
			buildActionMask = 2147483647;
			files = (
			);
			runOnlyForDeploymentPostprocessing = 0;
		};
		4D8CF4BD24772FDF0030AC7B /* Resources */ = {
			isa = PBXResourcesBuildPhase;
			buildActionMask = 2147483647;
			files = (
			);
			runOnlyForDeploymentPostprocessing = 0;
		};
/* End PBXResourcesBuildPhase section */

/* Begin PBXSourcesBuildPhase section */
		4D8CF49A24772FDC0030AC7B /* Sources */ = {
			isa = PBXSourcesBuildPhase;
			buildActionMask = 2147483647;
			files = (
				4D8CF4A624772FDC0030AC7B /* ViewController.swift in Sources */,
				4D8CF4A224772FDC0030AC7B /* AppDelegate.swift in Sources */,
			);
			runOnlyForDeploymentPostprocessing = 0;
		};
		4D8CF4B024772FDF0030AC7B /* Sources */ = {
			isa = PBXSourcesBuildPhase;
			buildActionMask = 2147483647;
			files = (
				4D8CF4B924772FDF0030AC7B /* MagicPaperTests.swift in Sources */,
			);
			runOnlyForDeploymentPostprocessing = 0;
		};
		4D8CF4BB24772FDF0030AC7B /* Sources */ = {
			isa = PBXSourcesBuildPhase;
			buildActionMask = 2147483647;
			files = (
				4D8CF4C424772FDF0030AC7B /* MagicPaperUITests.swift in Sources */,
			);
			runOnlyForDeploymentPostprocessing = 0;
		};
/* End PBXSourcesBuildPhase section */

/* Begin PBXTargetDependency section */
		4D8CF4B624772FDF0030AC7B /* PBXTargetDependency */ = {
			isa = PBXTargetDependency;
			target = 4D8CF49D24772FDC0030AC7B /* MagicPaper */;
			targetProxy = 4D8CF4B524772FDF0030AC7B /* PBXContainerItemProxy */;
		};
		4D8CF4C124772FDF0030AC7B /* PBXTargetDependency */ = {
			isa = PBXTargetDependency;
			target = 4D8CF49D24772FDC0030AC7B /* MagicPaper */;
			targetProxy = 4D8CF4C024772FDF0030AC7B /* PBXContainerItemProxy */;
		};
/* End PBXTargetDependency section */

/* Begin PBXVariantGroup section */
		4D8CF4A724772FDC0030AC7B /* Main.storyboard */ = {
			isa = PBXVariantGroup;
			children = (
				4D8CF4A824772FDC0030AC7B /* Base */,
			);
			name = Main.storyboard;
			sourceTree = "<group>";
		};
		4D8CF4AC24772FDF0030AC7B /* LaunchScreen.storyboard */ = {
			isa = PBXVariantGroup;
			children = (
				4D8CF4AD24772FDF0030AC7B /* Base */,
			);
			name = LaunchScreen.storyboard;
			sourceTree = "<group>";
		};
/* End PBXVariantGroup section */

/* Begin XCBuildConfiguration section */
		4D8CF4C624772FDF0030AC7B /* Debug */ = {
			isa = XCBuildConfiguration;
			buildSettings = {
				ALWAYS_SEARCH_USER_PATHS = NO;
				CLANG_ANALYZER_NONNULL = YES;
				CLANG_ANALYZER_NUMBER_OBJECT_CONVERSION = YES_AGGRESSIVE;
				CLANG_CXX_LANGUAGE_STANDARD = "gnu++14";
				CLANG_CXX_LIBRARY = "libc++";
				CLANG_ENABLE_MODULES = YES;
				CLANG_ENABLE_OBJC_ARC = YES;
				CLANG_ENABLE_OBJC_WEAK = YES;
				CLANG_WARN_BLOCK_CAPTURE_AUTORELEASING = YES;
				CLANG_WARN_BOOL_CONVERSION = YES;
				CLANG_WARN_COMMA = YES;
				CLANG_WARN_CONSTANT_CONVERSION = YES;
				CLANG_WARN_DEPRECATED_OBJC_IMPLEMENTATIONS = YES;
				CLANG_WARN_DIRECT_OBJC_ISA_USAGE = YES_ERROR;
				CLANG_WARN_DOCUMENTATION_COMMENTS = YES;
				CLANG_WARN_EMPTY_BODY = YES;
				CLANG_WARN_ENUM_CONVERSION = YES;
				CLANG_WARN_INFINITE_RECURSION = YES;
				CLANG_WARN_INT_CONVERSION = YES;
				CLANG_WARN_NON_LITERAL_NULL_CONVERSION = YES;
				CLANG_WARN_OBJC_IMPLICIT_RETAIN_SELF = YES;
				CLANG_WARN_OBJC_LITERAL_CONVERSION = YES;
				CLANG_WARN_OBJC_ROOT_CLASS = YES_ERROR;
				CLANG_WARN_RANGE_LOOP_ANALYSIS = YES;
				CLANG_WARN_STRICT_PROTOTYPES = YES;
				CLANG_WARN_SUSPICIOUS_MOVE = YES;
				CLANG_WARN_UNGUARDED_AVAILABILITY = YES_AGGRESSIVE;
				CLANG_WARN_UNREACHABLE_CODE = YES;
				CLANG_WARN__DUPLICATE_METHOD_MATCH = YES;
				COPY_PHASE_STRIP = NO;
				DEBUG_INFORMATION_FORMAT = dwarf;
				ENABLE_STRICT_OBJC_MSGSEND = YES;
				ENABLE_TESTABILITY = YES;
				GCC_C_LANGUAGE_STANDARD = gnu11;
				GCC_DYNAMIC_NO_PIC = NO;
				GCC_NO_COMMON_BLOCKS = YES;
				GCC_OPTIMIZATION_LEVEL = 0;
				GCC_PREPROCESSOR_DEFINITIONS = (
					"DEBUG=1",
					"$(inherited)",
				);
				GCC_WARN_64_TO_32_BIT_CONVERSION = YES;
				GCC_WARN_ABOUT_RETURN_TYPE = YES_ERROR;
				GCC_WARN_UNDECLARED_SELECTOR = YES;
				GCC_WARN_UNINITIALIZED_AUTOS = YES_AGGRESSIVE;
				GCC_WARN_UNUSED_FUNCTION = YES;
				GCC_WARN_UNUSED_VARIABLE = YES;
				IPHONEOS_DEPLOYMENT_TARGET = 13.5;
				MTL_ENABLE_DEBUG_INFO = INCLUDE_SOURCE;
				MTL_FAST_MATH = YES;
				ONLY_ACTIVE_ARCH = YES;
				SDKROOT = iphoneos;
				SWIFT_ACTIVE_COMPILATION_CONDITIONS = DEBUG;
				SWIFT_OPTIMIZATION_LEVEL = "-Onone";
			};
			name = Debug;
		};
		4D8CF4C724772FDF0030AC7B /* Release */ = {
			isa = XCBuildConfiguration;
			buildSettings = {
				ALWAYS_SEARCH_USER_PATHS = NO;
				CLANG_ANALYZER_NONNULL = YES;
				CLANG_ANALYZER_NUMBER_OBJECT_CONVERSION = YES_AGGRESSIVE;
				CLANG_CXX_LANGUAGE_STANDARD = "gnu++14";
				CLANG_CXX_LIBRARY = "libc++";
				CLANG_ENABLE_MODULES = YES;
				CLANG_ENABLE_OBJC_ARC = YES;
				CLANG_ENABLE_OBJC_WEAK = YES;
				CLANG_WARN_BLOCK_CAPTURE_AUTORELEASING = YES;
				CLANG_WARN_BOOL_CONVERSION = YES;
				CLANG_WARN_COMMA = YES;
				CLANG_WARN_CONSTANT_CONVERSION = YES;
				CLANG_WARN_DEPRECATED_OBJC_IMPLEMENTATIONS = YES;
				CLANG_WARN_DIRECT_OBJC_ISA_USAGE = YES_ERROR;
				CLANG_WARN_DOCUMENTATION_COMMENTS = YES;
				CLANG_WARN_EMPTY_BODY = YES;
				CLANG_WARN_ENUM_CONVERSION = YES;
				CLANG_WARN_INFINITE_RECURSION = YES;
				CLANG_WARN_INT_CONVERSION = YES;
				CLANG_WARN_NON_LITERAL_NULL_CONVERSION = YES;
				CLANG_WARN_OBJC_IMPLICIT_RETAIN_SELF = YES;
				CLANG_WARN_OBJC_LITERAL_CONVERSION = YES;
				CLANG_WARN_OBJC_ROOT_CLASS = YES_ERROR;
				CLANG_WARN_RANGE_LOOP_ANALYSIS = YES;
				CLANG_WARN_STRICT_PROTOTYPES = YES;
				CLANG_WARN_SUSPICIOUS_MOVE = YES;
				CLANG_WARN_UNGUARDED_AVAILABILITY = YES_AGGRESSIVE;
				CLANG_WARN_UNREACHABLE_CODE = YES;
				CLANG_WARN__DUPLICATE_METHOD_MATCH = YES;
				COPY_PHASE_STRIP = NO;
				DEBUG_INFORMATION_FORMAT = "dwarf-with-dsym";
				ENABLE_NS_ASSERTIONS = NO;
				ENABLE_STRICT_OBJC_MSGSEND = YES;
				GCC_C_LANGUAGE_STANDARD = gnu11;
				GCC_NO_COMMON_BLOCKS = YES;
				GCC_WARN_64_TO_32_BIT_CONVERSION = YES;
				GCC_WARN_ABOUT_RETURN_TYPE = YES_ERROR;
				GCC_WARN_UNDECLARED_SELECTOR = YES;
				GCC_WARN_UNINITIALIZED_AUTOS = YES_AGGRESSIVE;
				GCC_WARN_UNUSED_FUNCTION = YES;
				GCC_WARN_UNUSED_VARIABLE = YES;
				IPHONEOS_DEPLOYMENT_TARGET = 13.5;
				MTL_ENABLE_DEBUG_INFO = NO;
				MTL_FAST_MATH = YES;
				SDKROOT = iphoneos;
				SWIFT_COMPILATION_MODE = wholemodule;
				SWIFT_OPTIMIZATION_LEVEL = "-O";
				VALIDATE_PRODUCT = YES;
			};
			name = Release;
		};
		4D8CF4C924772FDF0030AC7B /* Debug */ = {
			isa = XCBuildConfiguration;
			buildSettings = {
				ASSETCATALOG_COMPILER_APPICON_NAME = AppIcon;
				CODE_SIGN_STYLE = Automatic;
				DEVELOPMENT_TEAM = B36288KQ3P;
				INFOPLIST_FILE = MagicPaper/Info.plist;
				LD_RUNPATH_SEARCH_PATHS = (
					"$(inherited)",
					"@executable_path/Frameworks",
				);
				PRODUCT_BUNDLE_IDENTIFIER = com.jsanchez.MagicPaper;
				PRODUCT_NAME = "$(TARGET_NAME)";
				SWIFT_VERSION = 5.0;
				TARGETED_DEVICE_FAMILY = "1,2";
			};
			name = Debug;
		};
		4D8CF4CA24772FDF0030AC7B /* Release */ = {
			isa = XCBuildConfiguration;
			buildSettings = {
				ASSETCATALOG_COMPILER_APPICON_NAME = AppIcon;
				CODE_SIGN_STYLE = Automatic;
				DEVELOPMENT_TEAM = B36288KQ3P;
				INFOPLIST_FILE = MagicPaper/Info.plist;
				LD_RUNPATH_SEARCH_PATHS = (
					"$(inherited)",
					"@executable_path/Frameworks",
				);
				PRODUCT_BUNDLE_IDENTIFIER = com.jsanchez.MagicPaper;
				PRODUCT_NAME = "$(TARGET_NAME)";
				SWIFT_VERSION = 5.0;
				TARGETED_DEVICE_FAMILY = "1,2";
			};
			name = Release;
		};
		4D8CF4CC24772FDF0030AC7B /* Debug */ = {
			isa = XCBuildConfiguration;
			buildSettings = {
				ALWAYS_EMBED_SWIFT_STANDARD_LIBRARIES = YES;
				BUNDLE_LOADER = "$(TEST_HOST)";
				CODE_SIGN_STYLE = Automatic;
				INFOPLIST_FILE = MagicPaperTests/Info.plist;
				IPHONEOS_DEPLOYMENT_TARGET = 13.5;
				LD_RUNPATH_SEARCH_PATHS = (
					"$(inherited)",
					"@executable_path/Frameworks",
					"@loader_path/Frameworks",
				);
				PRODUCT_BUNDLE_IDENTIFIER = com.jsanchez.MagicPaperTests;
				PRODUCT_NAME = "$(TARGET_NAME)";
				SWIFT_VERSION = 5.0;
				TARGETED_DEVICE_FAMILY = "1,2";
				TEST_HOST = "$(BUILT_PRODUCTS_DIR)/MagicPaper.app/MagicPaper";
			};
			name = Debug;
		};
		4D8CF4CD24772FDF0030AC7B /* Release */ = {
			isa = XCBuildConfiguration;
			buildSettings = {
				ALWAYS_EMBED_SWIFT_STANDARD_LIBRARIES = YES;
				BUNDLE_LOADER = "$(TEST_HOST)";
				CODE_SIGN_STYLE = Automatic;
				INFOPLIST_FILE = MagicPaperTests/Info.plist;
				IPHONEOS_DEPLOYMENT_TARGET = 13.5;
				LD_RUNPATH_SEARCH_PATHS = (
					"$(inherited)",
					"@executable_path/Frameworks",
					"@loader_path/Frameworks",
				);
				PRODUCT_BUNDLE_IDENTIFIER = com.jsanchez.MagicPaperTests;
				PRODUCT_NAME = "$(TARGET_NAME)";
				SWIFT_VERSION = 5.0;
				TARGETED_DEVICE_FAMILY = "1,2";
				TEST_HOST = "$(BUILT_PRODUCTS_DIR)/MagicPaper.app/MagicPaper";
			};
			name = Release;
		};
		4D8CF4CF24772FDF0030AC7B /* Debug */ = {
			isa = XCBuildConfiguration;
			buildSettings = {
				ALWAYS_EMBED_SWIFT_STANDARD_LIBRARIES = YES;
				CODE_SIGN_STYLE = Automatic;
				INFOPLIST_FILE = MagicPaperUITests/Info.plist;
				LD_RUNPATH_SEARCH_PATHS = (
					"$(inherited)",
					"@executable_path/Frameworks",
					"@loader_path/Frameworks",
				);
				PRODUCT_BUNDLE_IDENTIFIER = com.jsanchez.MagicPaperUITests;
				PRODUCT_NAME = "$(TARGET_NAME)";
				SWIFT_VERSION = 5.0;
				TARGETED_DEVICE_FAMILY = "1,2";
				TEST_TARGET_NAME = MagicPaper;
			};
			name = Debug;
		};
		4D8CF4D024772FDF0030AC7B /* Release */ = {
			isa = XCBuildConfiguration;
			buildSettings = {
				ALWAYS_EMBED_SWIFT_STANDARD_LIBRARIES = YES;
				CODE_SIGN_STYLE = Automatic;
				INFOPLIST_FILE = MagicPaperUITests/Info.plist;
				LD_RUNPATH_SEARCH_PATHS = (
					"$(inherited)",
					"@executable_path/Frameworks",
					"@loader_path/Frameworks",
				);
				PRODUCT_BUNDLE_IDENTIFIER = com.jsanchez.MagicPaperUITests;
				PRODUCT_NAME = "$(TARGET_NAME)";
				SWIFT_VERSION = 5.0;
				TARGETED_DEVICE_FAMILY = "1,2";
				TEST_TARGET_NAME = MagicPaper;
			};
			name = Release;
		};
/* End XCBuildConfiguration section */

/* Begin XCConfigurationList section */
		4D8CF49924772FDC0030AC7B /* Build configuration list for PBXProject "MagicPaper" */ = {
			isa = XCConfigurationList;
			buildConfigurations = (
				4D8CF4C624772FDF0030AC7B /* Debug */,
				4D8CF4C724772FDF0030AC7B /* Release */,
			);
			defaultConfigurationIsVisible = 0;
			defaultConfigurationName = Release;
		};
		4D8CF4C824772FDF0030AC7B /* Build configuration list for PBXNativeTarget "MagicPaper" */ = {
			isa = XCConfigurationList;
			buildConfigurations = (
				4D8CF4C924772FDF0030AC7B /* Debug */,
				4D8CF4CA24772FDF0030AC7B /* Release */,
			);
			defaultConfigurationIsVisible = 0;
			defaultConfigurationName = Release;
		};
		4D8CF4CB24772FDF0030AC7B /* Build configuration list for PBXNativeTarget "MagicPaperTests" */ = {
			isa = XCConfigurationList;
			buildConfigurations = (
				4D8CF4CC24772FDF0030AC7B /* Debug */,
				4D8CF4CD24772FDF0030AC7B /* Release */,
			);
			defaultConfigurationIsVisible = 0;
			defaultConfigurationName = Release;
		};
		4D8CF4CE24772FDF0030AC7B /* Build configuration list for PBXNativeTarget "MagicPaperUITests" */ = {
			isa = XCConfigurationList;
			buildConfigurations = (
				4D8CF4CF24772FDF0030AC7B /* Debug */,
				4D8CF4D024772FDF0030AC7B /* Release */,
			);
			defaultConfigurationIsVisible = 0;
			defaultConfigurationName = Release;
		};
/* End XCConfigurationList section */
	};
	rootObject = 4D8CF49624772FDC0030AC7B /* Project object */;
}
